
Microsoft Visual Studio Solution File, Format Version 12.00
# Visual Studio Version 16
VisualStudioVersion = 16.0.31515.178
MinimumVisualStudioVersion = 10.0.40219.1
Project("{FAE04EC0-301F-11D3-BF4B-00C04F79EFBC}") = "Exercise02", "Exercise02\Exercise02.csproj", "{780589D0-BCE0-4681-9B83-7F2B2089E725}"
EndProject
Project("{FAE04EC0-301F-11D3-BF4B-00C04F79EFBC}") = "Exercise01", "Exercise01\Exercise01.csproj", "{AD23ACF5-3E09-412B-B85D-73EC2C88C1C1}"
EndProject
Global
	GlobalSection(SolutionConfigurationPlatforms) = preSolution
		Debug|Any CPU = Debug|Any CPU
		Release|Any CPU = Release|Any CPU
	EndGlobalSection
	GlobalSection(ProjectConfigurationPlatforms) = postSolution
		{780589D0-BCE0-4681-9B83-7F2B2089E725}.Debug|Any CPU.ActiveCfg = Debug|Any CPU
		{780589D0-BCE0-4681-9B83-7F2B2089E725}.Debug|Any CPU.Build.0 = Debug|Any CPU
		{780589D0-BCE0-4681-9B83-7F2B2089E725}.Release|Any CPU.ActiveCfg = Release|Any CPU
		{780589D0-BCE0-4681-9B83-7F2B2089E725}.Release|Any CPU.Build.0 = Release|Any CPU
		{AD23ACF5-3E09-412B-B85D-73EC2C88C1C1}.Debug|Any CPU.ActiveCfg = Debug|Any CPU
		{AD23ACF5-3E09-412B-B85D-73EC2C88C1C1}.Debug|Any CPU.Build.0 = Debug|Any CPU
		{AD23ACF5-3E09-412B-B85D-73EC2C88C1C1}.Release|Any CPU.ActiveCfg = Release|Any CPU
		{AD23ACF5-3E09-412B-B85D-73EC2C88C1C1}.Release|Any CPU.Build.0 = Release|Any CPU
	EndGlobalSection
	GlobalSection(SolutionProperties) = preSolution
		HideSolutionNode = FALSE
	EndGlobalSection
	GlobalSection(ExtensibilityGlobals) = postSolution
		SolutionGuid = {750C6F25-B419-42EE-BEE4-F54FF5E9BACC}
	EndGlobalSection
EndGlobal
